
Microsoft Visual Studio Solution File, Format Version 12.00
# Visual Studio 14
VisualStudioVersion = 14.0.25123.0
MinimumVisualStudioVersion = 10.0.40219.1
Project("{879518D8-A874-4DF9-B8EB-A47562308082}") = "Sitecore.Support.77381.93260.101295.103584.106803", "Sitecore.Support.77381.93260.101295.103584.106803\Sitecore.Support.77381.93260.101295.103584.106803.csproj", "{7D595290-508C-4D39-B7CB-98B9B1D3C0A0}"
EndProject
Global
	GlobalSection(SolutionConfigurationPlatforms) = preSolution
		Debug|Any CPU = Debug|Any CPU
		Release|Any CPU = Release|Any CPU
	EndGlobalSection
	GlobalSection(ProjectConfigurationPlatforms) = postSolution
		{7D595290-508C-4D39-B7CB-98B9B1D3C0A0}.Debug|Any CPU.ActiveCfg = Debug|Any CPU
		{7D595290-508C-4D39-B7CB-98B9B1D3C0A0}.Debug|Any CPU.Build.0 = Debug|Any CPU
		{7D595290-508C-4D39-B7CB-98B9B1D3C0A0}.Release|Any CPU.ActiveCfg = Release|Any CPU
		{7D595290-508C-4D39-B7CB-98B9B1D3C0A0}.Release|Any CPU.Build.0 = Release|Any CPU
	EndGlobalSection
	GlobalSection(SolutionProperties) = preSolution
		HideSolutionNode = FALSE
	EndGlobalSection
EndGlobal
